
Microsoft Visual Studio Solution File, Format Version 12.00
# Visual Studio Version 17
VisualStudioVersion = 17.5.002.0
MinimumVisualStudioVersion = 10.0.40219.1
Project("{9A19103F-16F7-4668-BE54-9A1E7A4F7556}") = "Atividade02", "Atividade02\Atividade02.csproj", "{A314884A-75D7-4D32-B735-F6B17394F931}"
EndProject
Project("{9A19103F-16F7-4668-BE54-9A1E7A4F7556}") = "Atividade10", "Atividade10\Atividade10.csproj", "{CA2D0564-41AF-457F-B870-66D51F8DE638}"
EndProject
Project("{9A19103F-16F7-4668-BE54-9A1E7A4F7556}") = "Atividade03", "Atividade03\Atividade03.csproj", "{16392014-D94F-43E5-82C2-7FFE74F9E514}"
EndProject
Project("{9A19103F-16F7-4668-BE54-9A1E7A4F7556}") = "Atividade07.Tests", "Atividade07.Tests\Atividade07.Tests.csproj", "{F5CC8847-8AC2-4F87-A431-7BD6ACE8084D}"
EndProject
Project("{9A19103F-16F7-4668-BE54-9A1E7A4F7556}") = "Atividade04.Tests", "Atividade04.Tests\Atividade04.Tests.csproj", "{3F9EE109-79AE-46E8-9444-D45BCCB853BB}"
EndProject
Project("{9A19103F-16F7-4668-BE54-9A1E7A4F7556}") = "Atividade13", "Atividade13\Atividade13.csproj", "{ADBAB180-54C4-41C3-AC09-7C3BD5F7CF6A}"
EndProject
Project("{9A19103F-16F7-4668-BE54-9A1E7A4F7556}") = "Atividade11", "Atividade11\Atividade11.csproj", "{3683C665-769C-456F-A0CD-3D9C9EEC110E}"
EndProject
Project("{9A19103F-16F7-4668-BE54-9A1E7A4F7556}") = "Atividade09", "Atividade09\Atividade09.csproj", "{DF7E7779-DC16-4986-95EE-413228278889}"
EndProject
Project("{9A19103F-16F7-4668-BE54-9A1E7A4F7556}") = "Atividade07", "Atividade07\Atividade07.csproj", "{68F69BF8-B249-4719-88A5-8C3323ADE738}"
EndProject
Project("{9A19103F-16F7-4668-BE54-9A1E7A4F7556}") = "Atividade03.Tests", "Atividade03.Tests\Atividade03.Tests.csproj", "{4CA2EB9C-6AAF-46D8-8328-DE7CE3E42356}"
EndProject
Project("{9A19103F-16F7-4668-BE54-9A1E7A4F7556}") = "Atividade01.Tests", "Atividade01.Tests\Atividade01.Tests.csproj", "{A4B0C356-CA95-421B-95A7-41BBE6847547}"
EndProject
Project("{9A19103F-16F7-4668-BE54-9A1E7A4F7556}") = "Atividade10.Tests", "Atividade10.Tests\Atividade10.Tests.csproj", "{85644117-02F6-42A5-8D63-B9323CCD704E}"
EndProject
Project("{9A19103F-16F7-4668-BE54-9A1E7A4F7556}") = "Atividade09.Tests", "Atividade09.Tests\Atividade09.Tests.csproj", "{72710AB1-ED93-4287-A15F-E3722282CA8C}"
EndProject
Project("{9A19103F-16F7-4668-BE54-9A1E7A4F7556}") = "Atividade08", "Atividade08\Atividade08.csproj", "{4B3BD39C-59B9-45AC-8CAF-A5DBC21A75EB}"
EndProject
Project("{9A19103F-16F7-4668-BE54-9A1E7A4F7556}") = "Atividade01", "Atividade01\Atividade01.csproj", "{13673695-6BC7-44CF-90CD-C66381040D79}"
EndProject
Project("{9A19103F-16F7-4668-BE54-9A1E7A4F7556}") = "Atividade04", "Atividade04\Atividade04.csproj", "{407DBDB2-953C-495C-8C4A-459B2DFCE255}"
EndProject
Project("{9A19103F-16F7-4668-BE54-9A1E7A4F7556}") = "Atividade14", "Atividade14\Atividade14.csproj", "{19CE9655-F250-4C5F-82BA-B4B1696A1D8D}"
EndProject
Project("{9A19103F-16F7-4668-BE54-9A1E7A4F7556}") = "Atividade15.Tests", "Atividade15.Tests\Atividade15.Tests.csproj", "{D1E4F57D-8095-49F5-946D-CF329F3B4AC0}"
EndProject
Project("{9A19103F-16F7-4668-BE54-9A1E7A4F7556}") = "Atividade08.Tests", "Atividade08.Tests\Atividade08.Tests.csproj", "{5C0BBD5D-E1B2-44BB-8006-35052DB14541}"
EndProject
Project("{9A19103F-16F7-4668-BE54-9A1E7A4F7556}") = "Atividade11.Tests", "Atividade11.Tests\Atividade11.Tests.csproj", "{2BFD3B31-0A40-4AC9-8B6B-5FC3D45537A6}"
EndProject
Project("{9A19103F-16F7-4668-BE54-9A1E7A4F7556}") = "Atividade05.Tests", "Atividade05.Tests\Atividade05.Tests.csproj", "{43EE31D9-BDF2-464D-BF90-EC8A2682FA6D}"
EndProject
Project("{9A19103F-16F7-4668-BE54-9A1E7A4F7556}") = "Atividade15", "Atividade15\Atividade15.csproj", "{68D96F59-9362-49BB-8FCB-E2EC7D483122}"
EndProject
Project("{9A19103F-16F7-4668-BE54-9A1E7A4F7556}") = "Atividade05", "Atividade05\Atividade05.csproj", "{444A2C06-9755-41E4-810D-3002081B3049}"
EndProject
Project("{9A19103F-16F7-4668-BE54-9A1E7A4F7556}") = "Atividade14.Tests", "Atividade14.Tests\Atividade14.Tests.csproj", "{FE07F455-9FED-4E13-8E6F-95BCADFFCDB2}"
EndProject
Project("{9A19103F-16F7-4668-BE54-9A1E7A4F7556}") = "Atividade13.Tests", "Atividade13.Tests\Atividade13.Tests.csproj", "{97076048-C7B1-4AA6-B4BE-F44C4071BB09}"
EndProject
Project("{9A19103F-16F7-4668-BE54-9A1E7A4F7556}") = "Atividade06", "Atividade06\Atividade06.csproj", "{A9F6AD00-04DE-44E3-8F6E-DEEE049A0FFD}"
EndProject
Project("{9A19103F-16F7-4668-BE54-9A1E7A4F7556}") = "Atividade06.Tests", "Atividade06.Tests\Atividade06.Tests.csproj", "{2B70DF81-CDBE-4B80-A382-8CCA66111908}"
EndProject
Project("{9A19103F-16F7-4668-BE54-9A1E7A4F7556}") = "Atividade02.Tests", "Atividade02.Tests\Atividade02.Tests.csproj", "{B140382F-5C30-4B24-89CD-5F46462496E0}"
EndProject
Global
	GlobalSection(SolutionConfigurationPlatforms) = preSolution
		Debug|Any CPU = Debug|Any CPU
		Release|Any CPU = Release|Any CPU
	EndGlobalSection
	GlobalSection(ProjectConfigurationPlatforms) = postSolution
		{A314884A-75D7-4D32-B735-F6B17394F931}.Debug|Any CPU.ActiveCfg = Debug|Any CPU
		{A314884A-75D7-4D32-B735-F6B17394F931}.Debug|Any CPU.Build.0 = Debug|Any CPU
		{A314884A-75D7-4D32-B735-F6B17394F931}.Release|Any CPU.ActiveCfg = Release|Any CPU
		{A314884A-75D7-4D32-B735-F6B17394F931}.Release|Any CPU.Build.0 = Release|Any CPU
		{CA2D0564-41AF-457F-B870-66D51F8DE638}.Debug|Any CPU.ActiveCfg = Debug|Any CPU
		{CA2D0564-41AF-457F-B870-66D51F8DE638}.Debug|Any CPU.Build.0 = Debug|Any CPU
		{CA2D0564-41AF-457F-B870-66D51F8DE638}.Release|Any CPU.ActiveCfg = Release|Any CPU
		{CA2D0564-41AF-457F-B870-66D51F8DE638}.Release|Any CPU.Build.0 = Release|Any CPU
		{16392014-D94F-43E5-82C2-7FFE74F9E514}.Debug|Any CPU.ActiveCfg = Debug|Any CPU
		{16392014-D94F-43E5-82C2-7FFE74F9E514}.Debug|Any CPU.Build.0 = Debug|Any CPU
		{16392014-D94F-43E5-82C2-7FFE74F9E514}.Release|Any CPU.ActiveCfg = Release|Any CPU
		{16392014-D94F-43E5-82C2-7FFE74F9E514}.Release|Any CPU.Build.0 = Release|Any CPU
		{F5CC8847-8AC2-4F87-A431-7BD6ACE8084D}.Debug|Any CPU.ActiveCfg = Debug|Any CPU
		{F5CC8847-8AC2-4F87-A431-7BD6ACE8084D}.Debug|Any CPU.Build.0 = Debug|Any CPU
		{F5CC8847-8AC2-4F87-A431-7BD6ACE8084D}.Release|Any CPU.ActiveCfg = Release|Any CPU
		{F5CC8847-8AC2-4F87-A431-7BD6ACE8084D}.Release|Any CPU.Build.0 = Release|Any CPU
		{3F9EE109-79AE-46E8-9444-D45BCCB853BB}.Debug|Any CPU.ActiveCfg = Debug|Any CPU
		{3F9EE109-79AE-46E8-9444-D45BCCB853BB}.Debug|Any CPU.Build.0 = Debug|Any CPU
		{3F9EE109-79AE-46E8-9444-D45BCCB853BB}.Release|Any CPU.ActiveCfg = Release|Any CPU
		{3F9EE109-79AE-46E8-9444-D45BCCB853BB}.Release|Any CPU.Build.0 = Release|Any CPU
		{ADBAB180-54C4-41C3-AC09-7C3BD5F7CF6A}.Debug|Any CPU.ActiveCfg = Debug|Any CPU
		{ADBAB180-54C4-41C3-AC09-7C3BD5F7CF6A}.Debug|Any CPU.Build.0 = Debug|Any CPU
		{ADBAB180-54C4-41C3-AC09-7C3BD5F7CF6A}.Release|Any CPU.ActiveCfg = Release|Any CPU
		{ADBAB180-54C4-41C3-AC09-7C3BD5F7CF6A}.Release|Any CPU.Build.0 = Release|Any CPU
		{3683C665-769C-456F-A0CD-3D9C9EEC110E}.Debug|Any CPU.ActiveCfg = Debug|Any CPU
		{3683C665-769C-456F-A0CD-3D9C9EEC110E}.Debug|Any CPU.Build.0 = Debug|Any CPU
		{3683C665-769C-456F-A0CD-3D9C9EEC110E}.Release|Any CPU.ActiveCfg = Release|Any CPU
		{3683C665-769C-456F-A0CD-3D9C9EEC110E}.Release|Any CPU.Build.0 = Release|Any CPU
		{DF7E7779-DC16-4986-95EE-413228278889}.Debug|Any CPU.ActiveCfg = Debug|Any CPU
		{DF7E7779-DC16-4986-95EE-413228278889}.Debug|Any CPU.Build.0 = Debug|Any CPU
		{DF7E7779-DC16-4986-95EE-413228278889}.Release|Any CPU.ActiveCfg = Release|Any CPU
		{DF7E7779-DC16-4986-95EE-413228278889}.Release|Any CPU.Build.0 = Release|Any CPU
		{68F69BF8-B249-4719-88A5-8C3323ADE738}.Debug|Any CPU.ActiveCfg = Debug|Any CPU
		{68F69BF8-B249-4719-88A5-8C3323ADE738}.Debug|Any CPU.Build.0 = Debug|Any CPU
		{68F69BF8-B249-4719-88A5-8C3323ADE738}.Release|Any CPU.ActiveCfg = Release|Any CPU
		{68F69BF8-B249-4719-88A5-8C3323ADE738}.Release|Any CPU.Build.0 = Release|Any CPU
		{4CA2EB9C-6AAF-46D8-8328-DE7CE3E42356}.Debug|Any CPU.ActiveCfg = Debug|Any CPU
		{4CA2EB9C-6AAF-46D8-8328-DE7CE3E42356}.Debug|Any CPU.Build.0 = Debug|Any CPU
		{4CA2EB9C-6AAF-46D8-8328-DE7CE3E42356}.Release|Any CPU.ActiveCfg = Release|Any CPU
		{4CA2EB9C-6AAF-46D8-8328-DE7CE3E42356}.Release|Any CPU.Build.0 = Release|Any CPU
		{A4B0C356-CA95-421B-95A7-41BBE6847547}.Debug|Any CPU.ActiveCfg = Debug|Any CPU
		{A4B0C356-CA95-421B-95A7-41BBE6847547}.Debug|Any CPU.Build.0 = Debug|Any CPU
		{A4B0C356-CA95-421B-95A7-41BBE6847547}.Release|Any CPU.ActiveCfg = Release|Any CPU
		{A4B0C356-CA95-421B-95A7-41BBE6847547}.Release|Any CPU.Build.0 = Release|Any CPU
		{85644117-02F6-42A5-8D63-B9323CCD704E}.Debug|Any CPU.ActiveCfg = Debug|Any CPU
		{85644117-02F6-42A5-8D63-B9323CCD704E}.Debug|Any CPU.Build.0 = Debug|Any CPU
		{85644117-02F6-42A5-8D63-B9323CCD704E}.Release|Any CPU.ActiveCfg = Release|Any CPU
		{85644117-02F6-42A5-8D63-B9323CCD704E}.Release|Any CPU.Build.0 = Release|Any CPU
		{72710AB1-ED93-4287-A15F-E3722282CA8C}.Debug|Any CPU.ActiveCfg = Debug|Any CPU
		{72710AB1-ED93-4287-A15F-E3722282CA8C}.Debug|Any CPU.Build.0 = Debug|Any CPU
		{72710AB1-ED93-4287-A15F-E3722282CA8C}.Release|Any CPU.ActiveCfg = Release|Any CPU
		{72710AB1-ED93-4287-A15F-E3722282CA8C}.Release|Any CPU.Build.0 = Release|Any CPU
		{4B3BD39C-59B9-45AC-8CAF-A5DBC21A75EB}.Debug|Any CPU.ActiveCfg = Debug|Any CPU
		{4B3BD39C-59B9-45AC-8CAF-A5DBC21A75EB}.Debug|Any CPU.Build.0 = Debug|Any CPU
		{4B3BD39C-59B9-45AC-8CAF-A5DBC21A75EB}.Release|Any CPU.ActiveCfg = Release|Any CPU
		{4B3BD39C-59B9-45AC-8CAF-A5DBC21A75EB}.Release|Any CPU.Build.0 = Release|Any CPU
		{13673695-6BC7-44CF-90CD-C66381040D79}.Debug|Any CPU.ActiveCfg = Debug|Any CPU
		{13673695-6BC7-44CF-90CD-C66381040D79}.Debug|Any CPU.Build.0 = Debug|Any CPU
		{13673695-6BC7-44CF-90CD-C66381040D79}.Release|Any CPU.ActiveCfg = Release|Any CPU
		{13673695-6BC7-44CF-90CD-C66381040D79}.Release|Any CPU.Build.0 = Release|Any CPU
		{407DBDB2-953C-495C-8C4A-459B2DFCE255}.Debug|Any CPU.ActiveCfg = Debug|Any CPU
		{407DBDB2-953C-495C-8C4A-459B2DFCE255}.Debug|Any CPU.Build.0 = Debug|Any CPU
		{407DBDB2-953C-495C-8C4A-459B2DFCE255}.Release|Any CPU.ActiveCfg = Release|Any CPU
		{407DBDB2-953C-495C-8C4A-459B2DFCE255}.Release|Any CPU.Build.0 = Release|Any CPU
		{19CE9655-F250-4C5F-82BA-B4B1696A1D8D}.Debug|Any CPU.ActiveCfg = Debug|Any CPU
		{19CE9655-F250-4C5F-82BA-B4B1696A1D8D}.Debug|Any CPU.Build.0 = Debug|Any CPU
		{19CE9655-F250-4C5F-82BA-B4B1696A1D8D}.Release|Any CPU.ActiveCfg = Release|Any CPU
		{19CE9655-F250-4C5F-82BA-B4B1696A1D8D}.Release|Any CPU.Build.0 = Release|Any CPU
		{D1E4F57D-8095-49F5-946D-CF329F3B4AC0}.Debug|Any CPU.ActiveCfg = Debug|Any CPU
		{D1E4F57D-8095-49F5-946D-CF329F3B4AC0}.Debug|Any CPU.Build.0 = Debug|Any CPU
		{D1E4F57D-8095-49F5-946D-CF329F3B4AC0}.Release|Any CPU.ActiveCfg = Release|Any CPU
		{D1E4F57D-8095-49F5-946D-CF329F3B4AC0}.Release|Any CPU.Build.0 = Release|Any CPU
		{5C0BBD5D-E1B2-44BB-8006-35052DB14541}.Debug|Any CPU.ActiveCfg = Debug|Any CPU
		{5C0BBD5D-E1B2-44BB-8006-35052DB14541}.Debug|Any CPU.Build.0 = Debug|Any CPU
		{5C0BBD5D-E1B2-44BB-8006-35052DB14541}.Release|Any CPU.ActiveCfg = Release|Any CPU
		{5C0BBD5D-E1B2-44BB-8006-35052DB14541}.Release|Any CPU.Build.0 = Release|Any CPU
		{2BFD3B31-0A40-4AC9-8B6B-5FC3D45537A6}.Debug|Any CPU.ActiveCfg = Debug|Any CPU
		{2BFD3B31-0A40-4AC9-8B6B-5FC3D45537A6}.Debug|Any CPU.Build.0 = Debug|Any CPU
		{2BFD3B31-0A40-4AC9-8B6B-5FC3D45537A6}.Release|Any CPU.ActiveCfg = Release|Any CPU
		{2BFD3B31-0A40-4AC9-8B6B-5FC3D45537A6}.Release|Any CPU.Build.0 = Release|Any CPU
		{43EE31D9-BDF2-464D-BF90-EC8A2682FA6D}.Debug|Any CPU.ActiveCfg = Debug|Any CPU
		{43EE31D9-BDF2-464D-BF90-EC8A2682FA6D}.Debug|Any CPU.Build.0 = Debug|Any CPU
		{43EE31D9-BDF2-464D-BF90-EC8A2682FA6D}.Release|Any CPU.ActiveCfg = Release|Any CPU
		{43EE31D9-BDF2-464D-BF90-EC8A2682FA6D}.Release|Any CPU.Build.0 = Release|Any CPU
		{68D96F59-9362-49BB-8FCB-E2EC7D483122}.Debug|Any CPU.ActiveCfg = Debug|Any CPU
		{68D96F59-9362-49BB-8FCB-E2EC7D483122}.Debug|Any CPU.Build.0 = Debug|Any CPU
		{68D96F59-9362-49BB-8FCB-E2EC7D483122}.Release|Any CPU.ActiveCfg = Release|Any CPU
		{68D96F59-9362-49BB-8FCB-E2EC7D483122}.Release|Any CPU.Build.0 = Release|Any CPU
		{444A2C06-9755-41E4-810D-3002081B3049}.Debug|Any CPU.ActiveCfg = Debug|Any CPU
		{444A2C06-9755-41E4-810D-3002081B3049}.Debug|Any CPU.Build.0 = Debug|Any CPU
		{444A2C06-9755-41E4-810D-3002081B3049}.Release|Any CPU.ActiveCfg = Release|Any CPU
		{444A2C06-9755-41E4-810D-3002081B3049}.Release|Any CPU.Build.0 = Release|Any CPU
		{FE07F455-9FED-4E13-8E6F-95BCADFFCDB2}.Debug|Any CPU.ActiveCfg = Debug|Any CPU
		{FE07F455-9FED-4E13-8E6F-95BCADFFCDB2}.Debug|Any CPU.Build.0 = Debug|Any CPU
		{FE07F455-9FED-4E13-8E6F-95BCADFFCDB2}.Release|Any CPU.ActiveCfg = Release|Any CPU
		{FE07F455-9FED-4E13-8E6F-95BCADFFCDB2}.Release|Any CPU.Build.0 = Release|Any CPU
		{97076048-C7B1-4AA6-B4BE-F44C4071BB09}.Debug|Any CPU.ActiveCfg = Debug|Any CPU
		{97076048-C7B1-4AA6-B4BE-F44C4071BB09}.Debug|Any CPU.Build.0 = Debug|Any CPU
		{97076048-C7B1-4AA6-B4BE-F44C4071BB09}.Release|Any CPU.ActiveCfg = Release|Any CPU
		{97076048-C7B1-4AA6-B4BE-F44C4071BB09}.Release|Any CPU.Build.0 = Release|Any CPU
		{A9F6AD00-04DE-44E3-8F6E-DEEE049A0FFD}.Debug|Any CPU.ActiveCfg = Debug|Any CPU
		{A9F6AD00-04DE-44E3-8F6E-DEEE049A0FFD}.Debug|Any CPU.Build.0 = Debug|Any CPU
		{A9F6AD00-04DE-44E3-8F6E-DEEE049A0FFD}.Release|Any CPU.ActiveCfg = Release|Any CPU
		{A9F6AD00-04DE-44E3-8F6E-DEEE049A0FFD}.Release|Any CPU.Build.0 = Release|Any CPU
		{2B70DF81-CDBE-4B80-A382-8CCA66111908}.Debug|Any CPU.ActiveCfg = Debug|Any CPU
		{2B70DF81-CDBE-4B80-A382-8CCA66111908}.Debug|Any CPU.Build.0 = Debug|Any CPU
		{2B70DF81-CDBE-4B80-A382-8CCA66111908}.Release|Any CPU.ActiveCfg = Release|Any CPU
		{2B70DF81-CDBE-4B80-A382-8CCA66111908}.Release|Any CPU.Build.0 = Release|Any CPU
		{B140382F-5C30-4B24-89CD-5F46462496E0}.Debug|Any CPU.ActiveCfg = Debug|Any CPU
		{B140382F-5C30-4B24-89CD-5F46462496E0}.Debug|Any CPU.Build.0 = Debug|Any CPU
		{B140382F-5C30-4B24-89CD-5F46462496E0}.Release|Any CPU.ActiveCfg = Release|Any CPU
		{B140382F-5C30-4B24-89CD-5F46462496E0}.Release|Any CPU.Build.0 = Release|Any CPU
	EndGlobalSection
	GlobalSection(SolutionProperties) = preSolution
		HideSolutionNode = FALSE
	EndGlobalSection
	GlobalSection(ExtensibilityGlobals) = postSolution
		SolutionGuid = {51A474CB-11D4-40EA-9574-170F976105EA}
	EndGlobalSection
EndGlobal
